
Microsoft Visual Studio Solution File, Format Version 12.00
# Visual Studio Version 16
VisualStudioVersion = 16.0.29009.5
MinimumVisualStudioVersion = 10.0.40219.1
Project("{F184B08F-C81C-45F6-A57F-5ABD9991F28F}") = "Q2", "Q2.vbproj", "{FBE2C62E-9D77-4BFF-8880-E60B23A32C1A}"
EndProject
Global
	GlobalSection(SolutionConfigurationPlatforms) = preSolution
		Debug|Any CPU = Debug|Any CPU
		Release|Any CPU = Release|Any CPU
	EndGlobalSection
	GlobalSection(ProjectConfigurationPlatforms) = postSolution
		{FBE2C62E-9D77-4BFF-8880-E60B23A32C1A}.Debug|Any CPU.ActiveCfg = Debug|Any CPU
		{FBE2C62E-9D77-4BFF-8880-E60B23A32C1A}.Debug|Any CPU.Build.0 = Debug|Any CPU
		{FBE2C62E-9D77-4BFF-8880-E60B23A32C1A}.Release|Any CPU.ActiveCfg = Release|Any CPU
		{FBE2C62E-9D77-4BFF-8880-E60B23A32C1A}.Release|Any CPU.Build.0 = Release|Any CPU
	EndGlobalSection
	GlobalSection(SolutionProperties) = preSolution
		HideSolutionNode = FALSE
	EndGlobalSection
	GlobalSection(ExtensibilityGlobals) = postSolution
		SolutionGuid = {3327B423-39B2-4E13-BC8F-4E9A2CEF8892}
	EndGlobalSection
EndGlobal
