
Microsoft Visual Studio Solution File, Format Version 12.00
# Visual Studio Version 16
VisualStudioVersion = 16.0.29009.5
MinimumVisualStudioVersion = 10.0.40219.1
Project("{F184B08F-C81C-45F6-A57F-5ABD9991F28F}") = "Q1", "Q1.vbproj", "{49D91732-A345-4441-8718-D7D67E65BE50}"
EndProject
Global
	GlobalSection(SolutionConfigurationPlatforms) = preSolution
		Debug|Any CPU = Debug|Any CPU
		Release|Any CPU = Release|Any CPU
	EndGlobalSection
	GlobalSection(ProjectConfigurationPlatforms) = postSolution
		{49D91732-A345-4441-8718-D7D67E65BE50}.Debug|Any CPU.ActiveCfg = Debug|Any CPU
		{49D91732-A345-4441-8718-D7D67E65BE50}.Debug|Any CPU.Build.0 = Debug|Any CPU
		{49D91732-A345-4441-8718-D7D67E65BE50}.Release|Any CPU.ActiveCfg = Release|Any CPU
		{49D91732-A345-4441-8718-D7D67E65BE50}.Release|Any CPU.Build.0 = Release|Any CPU
	EndGlobalSection
	GlobalSection(SolutionProperties) = preSolution
		HideSolutionNode = FALSE
	EndGlobalSection
	GlobalSection(ExtensibilityGlobals) = postSolution
		SolutionGuid = {14D3A9BA-81AA-4DFB-A2D6-2F8922E978E2}
	EndGlobalSection
EndGlobal
