
Microsoft Visual Studio Solution File, Format Version 12.00
# Visual Studio Version 16
VisualStudioVersion = 16.0.29009.5
MinimumVisualStudioVersion = 10.0.40219.1
Project("{F184B08F-C81C-45F6-A57F-5ABD9991F28F}") = "Q1", "Q1.vbproj", "{C1F9BCBA-8F69-40B2-B32F-A8C452AA8615}"
EndProject
Global
	GlobalSection(SolutionConfigurationPlatforms) = preSolution
		Debug|Any CPU = Debug|Any CPU
		Release|Any CPU = Release|Any CPU
	EndGlobalSection
	GlobalSection(ProjectConfigurationPlatforms) = postSolution
		{C1F9BCBA-8F69-40B2-B32F-A8C452AA8615}.Debug|Any CPU.ActiveCfg = Debug|Any CPU
		{C1F9BCBA-8F69-40B2-B32F-A8C452AA8615}.Debug|Any CPU.Build.0 = Debug|Any CPU
		{C1F9BCBA-8F69-40B2-B32F-A8C452AA8615}.Release|Any CPU.ActiveCfg = Release|Any CPU
		{C1F9BCBA-8F69-40B2-B32F-A8C452AA8615}.Release|Any CPU.Build.0 = Release|Any CPU
	EndGlobalSection
	GlobalSection(SolutionProperties) = preSolution
		HideSolutionNode = FALSE
	EndGlobalSection
	GlobalSection(ExtensibilityGlobals) = postSolution
		SolutionGuid = {389F916E-F314-42ED-A1B3-DE7021EF20F0}
	EndGlobalSection
EndGlobal
