
Microsoft Visual Studio Solution File, Format Version 12.00
# Visual Studio Version 16
VisualStudioVersion = 16.0.29009.5
MinimumVisualStudioVersion = 10.0.40219.1
Project("{F184B08F-C81C-45F6-A57F-5ABD9991F28F}") = "Q1", "Q1.vbproj", "{D6718451-BE68-435C-AF33-A01167D21C3E}"
EndProject
Global
	GlobalSection(SolutionConfigurationPlatforms) = preSolution
		Debug|Any CPU = Debug|Any CPU
		Release|Any CPU = Release|Any CPU
	EndGlobalSection
	GlobalSection(ProjectConfigurationPlatforms) = postSolution
		{D6718451-BE68-435C-AF33-A01167D21C3E}.Debug|Any CPU.ActiveCfg = Debug|Any CPU
		{D6718451-BE68-435C-AF33-A01167D21C3E}.Debug|Any CPU.Build.0 = Debug|Any CPU
		{D6718451-BE68-435C-AF33-A01167D21C3E}.Release|Any CPU.ActiveCfg = Release|Any CPU
		{D6718451-BE68-435C-AF33-A01167D21C3E}.Release|Any CPU.Build.0 = Release|Any CPU
	EndGlobalSection
	GlobalSection(SolutionProperties) = preSolution
		HideSolutionNode = FALSE
	EndGlobalSection
	GlobalSection(ExtensibilityGlobals) = postSolution
		SolutionGuid = {60AD907C-ED0B-413D-AA90-77EE1ED76F67}
	EndGlobalSection
EndGlobal
