
Microsoft Visual Studio Solution File, Format Version 12.00
# Visual Studio Version 16
VisualStudioVersion = 16.0.29009.5
MinimumVisualStudioVersion = 10.0.40219.1
Project("{F184B08F-C81C-45F6-A57F-5ABD9991F28F}") = "Q2", "Q2.vbproj", "{F8B2B4A5-978B-47A4-9121-D468A00E7309}"
EndProject
Global
	GlobalSection(SolutionConfigurationPlatforms) = preSolution
		Debug|Any CPU = Debug|Any CPU
		Release|Any CPU = Release|Any CPU
	EndGlobalSection
	GlobalSection(ProjectConfigurationPlatforms) = postSolution
		{F8B2B4A5-978B-47A4-9121-D468A00E7309}.Debug|Any CPU.ActiveCfg = Debug|Any CPU
		{F8B2B4A5-978B-47A4-9121-D468A00E7309}.Debug|Any CPU.Build.0 = Debug|Any CPU
		{F8B2B4A5-978B-47A4-9121-D468A00E7309}.Release|Any CPU.ActiveCfg = Release|Any CPU
		{F8B2B4A5-978B-47A4-9121-D468A00E7309}.Release|Any CPU.Build.0 = Release|Any CPU
	EndGlobalSection
	GlobalSection(SolutionProperties) = preSolution
		HideSolutionNode = FALSE
	EndGlobalSection
	GlobalSection(ExtensibilityGlobals) = postSolution
		SolutionGuid = {58DE2BA2-9AB8-4171-83DC-A2FBC7A5CB5B}
	EndGlobalSection
EndGlobal
